{
  "name": "nwjs-tabs",
  "version": "0.0.2",
  "lockfileVersion": 2,
  "requires": true,
  "packages": {
    "": {
      "name": "nwjs-tabs",
      "version": "0.0.2",
      "license": "MIT",
      "dependencies": {
        "ejs": "2.3.4",
        "jade": "1.11.0",
        "jquery": "2.1.4"
      },
      "engines": {
        "node": ">=0.8.0",
        "nwjs": ">=0.12.3"
      }
    },
    "node_modules/ejs": {
      "version": "2.3.4",
      "license": "Apache-2.0",
      "engines": {
        "node": ">=0.10.0"
      }
    },
    "node_modules/jade": {
      "version": "1.11.0",
      "license": "MIT",
      "dependencies": {
        "character-parser": "1.2.1",
        "clean-css": "^3.1.9",
        "commander": "~2.6.0",
        "constantinople": "~3.0.1",
        "jstransformer": "0.0.2",
        "mkdirp": "~0.5.0",
        "transformers": "2.1.0",
        "uglify-js": "^2.4.19",
        "void-elements": "~2.0.1",
        "with": "~4.0.0"
      },
      "bin": {
        "jade": "bin/jade.js"
      }
    },
    "node_modules/jade/node_modules/character-parser": {
      "version": "1.2.1",
      "license": "MIT"
    },
    "node_modules/jade/node_modules/clean-css": {
      "version": "3.4.8",
      "license": "MIT",
      "dependencies": {
        "commander": "2.8.x",
        "source-map": "0.4.x"
      },
      "bin": {
        "cleancss": "bin/cleancss"
      },
      "engines": {
        "node": ">=0.10.0"
      }
    },
    "node_modules/jade/node_modules/clean-css/node_modules/commander": {
      "version": "2.8.1",
      "license": "MIT",
      "dependencies": {
        "graceful-readlink": ">= 1.0.0"
      },
      "engines": {
        "node": ">= 0.6.x"
      }
    },
    "node_modules/jade/node_modules/clean-css/node_modules/commander/node_modules/graceful-readlink": {
      "version": "1.0.1",
      "license": "MIT"
    },
    "node_modules/jade/node_modules/clean-css/node_modules/source-map": {
      "version": "0.4.4",
      "license": "BSD-3-Clause",
      "dependencies": {
        "amdefine": ">=0.0.4"
      },
      "engines": {
        "node": ">=0.8.0"
      }
    },
    "node_modules/jade/node_modules/clean-css/node_modules/source-map/node_modules/amdefine": {
      "version": "1.0.0",
      "license": "BSD-3-Clause AND MIT",
      "engines": {
        "node": ">=0.4.2"
      }
    },
    "node_modules/jade/node_modules/commander": {
      "version": "2.6.0",
      "license": "MIT",
      "engines": {
        "node": ">= 0.6.x"
      }
    },
    "node_modules/jade/node_modules/constantinople": {
      "version": "3.0.2",
      "license": "MIT",
      "dependencies": {
        "acorn": "^2.1.0"
      }
    },
    "node_modules/jade/node_modules/constantinople/node_modules/acorn": {
      "version": "2.6.4",
      "license": "MIT",
      "bin": {
        "acorn": "bin/acorn"
      },
      "engines": {
        "node": ">=0.4.0"
      }
    },
    "node_modules/jade/node_modules/jstransformer": {
      "version": "0.0.2",
      "license": "MIT",
      "dependencies": {
        "is-promise": "^2.0.0",
        "promise": "^6.0.1"
      }
    },
    "node_modules/jade/node_modules/jstransformer/node_modules/is-promise": {
      "version": "2.1.0",
      "license": "MIT"
    },
    "node_modules/jade/node_modules/jstransformer/node_modules/promise": {
      "version": "6.1.0",
      "license": "MIT",
      "dependencies": {
        "asap": "~1.0.0"
      }
    },
    "node_modules/jade/node_modules/jstransformer/node_modules/promise/node_modules/asap": {
      "version": "1.0.0"
    },
    "node_modules/jade/node_modules/mkdirp": {
      "version": "0.5.1",
      "license": "MIT",
      "dependencies": {
        "minimist": "0.0.8"
      },
      "bin": {
        "mkdirp": "bin/cmd.js"
      }
    },
    "node_modules/jade/node_modules/mkdirp/node_modules/minimist": {
      "version": "0.0.8",
      "license": "MIT"
    },
    "node_modules/jade/node_modules/transformers": {
      "version": "2.1.0",
      "license": "MIT",
      "dependencies": {
        "css": "~1.0.8",
        "promise": "~2.0",
        "uglify-js": "~2.2.5"
      }
    },
    "node_modules/jade/node_modules/transformers/node_modules/css": {
      "version": "1.0.8",
      "dependencies": {
        "css-parse": "1.0.4",
        "css-stringify": "1.0.5"
      }
    },
    "node_modules/jade/node_modules/transformers/node_modules/css/node_modules/css-parse": {
      "version": "1.0.4"
    },
    "node_modules/jade/node_modules/transformers/node_modules/css/node_modules/css-stringify": {
      "version": "1.0.5"
    },
    "node_modules/jade/node_modules/transformers/node_modules/promise": {
      "version": "2.0.0",
      "license": "MIT",
      "dependencies": {
        "is-promise": "~1"
      }
    },
    "node_modules/jade/node_modules/transformers/node_modules/promise/node_modules/is-promise": {
      "version": "1.0.1",
      "license": "MIT"
    },
    "node_modules/jade/node_modules/transformers/node_modules/uglify-js": {
      "version": "2.2.5",
      "dependencies": {
        "optimist": "~0.3.5",
        "source-map": "~0.1.7"
      },
      "bin": {
        "uglifyjs": "bin/uglifyjs"
      },
      "engines": {
        "node": ">=0.4.0"
      }
    },
    "node_modules/jade/node_modules/transformers/node_modules/uglify-js/node_modules/optimist": {
      "version": "0.3.7",
      "license": "MIT/X11",
      "dependencies": {
        "wordwrap": "~0.0.2"
      }
    },
    "node_modules/jade/node_modules/transformers/node_modules/uglify-js/node_modules/optimist/node_modules/wordwrap": {
      "version": "0.0.3",
      "license": "MIT",
      "engines": {
        "node": ">=0.4.0"
      }
    },
    "node_modules/jade/node_modules/transformers/node_modules/uglify-js/node_modules/source-map": {
      "version": "0.1.43",
      "dependencies": {
        "amdefine": ">=0.0.4"
      },
      "engines": {
        "node": ">=0.8.0"
      }
    },
    "node_modules/jade/node_modules/transformers/node_modules/uglify-js/node_modules/source-map/node_modules/amdefine": {
      "version": "1.0.0",
      "license": "BSD-3-Clause AND MIT",
      "engines": {
        "node": ">=0.4.2"
      }
    },
    "node_modules/jade/node_modules/uglify-js": {
      "version": "2.6.1",
      "license": "BSD-2-Clause",
      "dependencies": {
        "async": "~0.2.6",
        "source-map": "~0.5.1",
        "uglify-to-browserify": "~1.0.0",
        "yargs": "~3.10.0"
      },
      "bin": {
        "uglifyjs": "bin/uglifyjs"
      },
      "engines": {
        "node": ">=0.8.0"
      }
    },
    "node_modules/jade/node_modules/uglify-js/node_modules/async": {
      "version": "0.2.10"
    },
    "node_modules/jade/node_modules/uglify-js/node_modules/source-map": {
      "version": "0.5.3",
      "license": "BSD-3-Clause",
      "engines": {
        "node": ">=0.10.0"
      }
    },
    "node_modules/jade/node_modules/uglify-js/node_modules/uglify-to-browserify": {
      "version": "1.0.2",
      "license": "MIT"
    },
    "node_modules/jade/node_modules/uglify-js/node_modules/yargs": {
      "version": "3.10.0",
      "license": "MIT",
      "dependencies": {
        "camelcase": "^1.0.2",
        "cliui": "^2.1.0",
        "decamelize": "^1.0.0",
        "window-size": "0.1.0"
      }
    },
    "node_modules/jade/node_modules/uglify-js/node_modules/yargs/node_modules/camelcase": {
      "version": "1.2.1",
      "license": "MIT",
      "engines": {
        "node": ">=0.10.0"
      }
    },
    "node_modules/jade/node_modules/uglify-js/node_modules/yargs/node_modules/cliui": {
      "version": "2.1.0",
      "license": "ISC",
      "dependencies": {
        "center-align": "^0.1.1",
        "right-align": "^0.1.1",
        "wordwrap": "0.0.2"
      }
    },
    "node_modules/jade/node_modules/uglify-js/node_modules/yargs/node_modules/cliui/node_modules/center-align": {
      "version": "0.1.2",
      "license": "MIT",
      "dependencies": {
        "align-text": "^0.1.0",
        "lazy-cache": "^0.2.4"
      },
      "engines": {
        "node": ">=0.10.0"
      }
    },
    "node_modules/jade/node_modules/uglify-js/node_modules/yargs/node_modules/cliui/node_modules/center-align/node_modules/align-text": {
      "version": "0.1.3",
      "license": "MIT",
      "dependencies": {
        "kind-of": "^2.0.0",
        "longest": "^1.0.1",
        "repeat-string": "^1.5.2"
      },
      "engines": {
        "node": ">=0.10.0"
      }
    },
    "node_modules/jade/node_modules/uglify-js/node_modules/yargs/node_modules/cliui/node_modules/center-align/node_modules/align-text/node_modules/kind-of": {
      "version": "2.0.1",
      "license": "MIT",
      "dependencies": {
        "is-buffer": "^1.0.2"
      },
      "engines": {
        "node": ">=0.10.0"
      }
    },
    "node_modules/jade/node_modules/uglify-js/node_modules/yargs/node_modules/cliui/node_modules/center-align/node_modules/align-text/node_modules/kind-of/node_modules/is-buffer": {
      "version": "1.1.0",
      "license": "MIT"
    },
    "node_modules/jade/node_modules/uglify-js/node_modules/yargs/node_modules/cliui/node_modules/center-align/node_modules/align-text/node_modules/longest": {
      "version": "1.0.1",
      "license": "MIT",
      "engines": {
        "node": ">=0.10.0"
      }
    },
    "node_modules/jade/node_modules/uglify-js/node_modules/yargs/node_modules/cliui/node_modules/center-align/node_modules/align-text/node_modules/repeat-string": {
      "version": "1.5.2",
      "license": "MIT",
      "engines": {
        "node": ">=0.10"
      }
    },
    "node_modules/jade/node_modules/uglify-js/node_modules/yargs/node_modules/cliui/node_modules/center-align/node_modules/lazy-cache": {
      "version": "0.2.4",
      "license": "MIT",
      "engines": {
        "node": ">=0.10.0"
      }
    },
    "node_modules/jade/node_modules/uglify-js/node_modules/yargs/node_modules/cliui/node_modules/right-align": {
      "version": "0.1.3",
      "license": "MIT",
      "dependencies": {
        "align-text": "^0.1.1"
      },
      "engines": {
        "node": ">=0.10.0"
      }
    },
    "node_modules/jade/node_modules/uglify-js/node_modules/yargs/node_modules/cliui/node_modules/right-align/node_modules/align-text": {
      "version": "0.1.3",
      "license": "MIT",
      "dependencies": {
        "kind-of": "^2.0.0",
        "longest": "^1.0.1",
        "repeat-string": "^1.5.2"
      },
      "engines": {
        "node": ">=0.10.0"
      }
    },
    "node_modules/jade/node_modules/uglify-js/node_modules/yargs/node_modules/cliui/node_modules/right-align/node_modules/align-text/node_modules/kind-of": {
      "version": "2.0.1",
      "license": "MIT",
      "dependencies": {
        "is-buffer": "^1.0.2"
      },
      "engines": {
        "node": ">=0.10.0"
      }
    },
    "node_modules/jade/node_modules/uglify-js/node_modules/yargs/node_modules/cliui/node_modules/right-align/node_modules/align-text/node_modules/kind-of/node_modules/is-buffer": {
      "version": "1.1.0",
      "license": "MIT"
    },
    "node_modules/jade/node_modules/uglify-js/node_modules/yargs/node_modules/cliui/node_modules/right-align/node_modules/align-text/node_modules/longest": {
      "version": "1.0.1",
      "license": "MIT",
      "engines": {
        "node": ">=0.10.0"
      }
    },
    "node_modules/jade/node_modules/uglify-js/node_modules/yargs/node_modules/cliui/node_modules/right-align/node_modules/align-text/node_modules/repeat-string": {
      "version": "1.5.2",
      "license": "MIT",
      "engines": {
        "node": ">=0.10"
      }
    },
    "node_modules/jade/node_modules/uglify-js/node_modules/yargs/node_modules/cliui/node_modules/wordwrap": {
      "version": "0.0.2",
      "license": "MIT/X11",
      "engines": {
        "node": ">=0.4.0"
      }
    },
    "node_modules/jade/node_modules/uglify-js/node_modules/yargs/node_modules/decamelize": {
      "version": "1.1.1",
      "license": "MIT",
      "engines": {
        "node": ">=0.10.0"
      }
    },
    "node_modules/jade/node_modules/uglify-js/node_modules/yargs/node_modules/window-size": {
      "version": "0.1.0",
      "engines": {
        "node": ">= 0.8.0"
      }
    },
    "node_modules/jade/node_modules/void-elements": {
      "version": "2.0.1",
      "license": "MIT",
      "engines": {
        "node": ">=0.10.0"
      }
    },
    "node_modules/jade/node_modules/with": {
      "version": "4.0.3",
      "license": "MIT",
      "dependencies": {
        "acorn": "^1.0.1",
        "acorn-globals": "^1.0.3"
      }
    },
    "node_modules/jade/node_modules/with/node_modules/acorn": {
      "version": "1.2.2",
      "license": "MIT",
      "bin": {
        "acorn": "bin/acorn"
      },
      "engines": {
        "node": ">=0.4.0"
      }
    },
    "node_modules/jade/node_modules/with/node_modules/acorn-globals": {
      "version": "1.0.9",
      "license": "MIT",
      "dependencies": {
        "acorn": "^2.1.0"
      }
    },
    "node_modules/jade/node_modules/with/node_modules/acorn-globals/node_modules/acorn": {
      "version": "2.6.4",
      "license": "MIT",
      "bin": {
        "acorn": "bin/acorn"
      },
      "engines": {
        "node": ">=0.4.0"
      }
    },
    "node_modules/jquery": {
      "version": "2.1.4"
    }
  },
  "dependencies": {
    "ejs": {
      "version": "2.3.4"
    },
    "jade": {
      "version": "1.11.0",
      "requires": {
        "character-parser": "1.2.1",
        "clean-css": "^3.1.9",
        "commander": "~2.6.0",
        "constantinople": "~3.0.1",
        "jstransformer": "0.0.2",
        "mkdirp": "~0.5.0",
        "transformers": "2.1.0",
        "uglify-js": "^2.4.19",
        "void-elements": "~2.0.1",
        "with": "~4.0.0"
      },
      "dependencies": {
        "character-parser": {
          "version": "1.2.1"
        },
        "clean-css": {
          "version": "3.4.8",
          "requires": {
            "commander": "2.8.x",
            "source-map": "0.4.x"
          },
          "dependencies": {
            "commander": {
              "version": "2.8.1",
              "requires": {
                "graceful-readlink": ">= 1.0.0"
              },
              "dependencies": {
                "graceful-readlink": {
                  "version": "1.0.1"
                }
              }
            },
            "source-map": {
              "version": "0.4.4",
              "requires": {
                "amdefine": ">=0.0.4"
              },
              "dependencies": {
                "amdefine": {
                  "version": "1.0.0"
                }
              }
            }
          }
        },
        "commander": {
          "version": "2.6.0"
        },
        "constantinople": {
          "version": "3.0.2",
          "requires": {
            "acorn": "^2.1.0"
          },
          "dependencies": {
            "acorn": {
              "version": "2.6.4"
            }
          }
        },
        "jstransformer": {
          "version": "0.0.2",
          "requires": {
            "is-promise": "^2.0.0",
            "promise": "^6.0.1"
          },
          "dependencies": {
            "is-promise": {
              "version": "2.1.0"
            },
            "promise": {
              "version": "6.1.0",
              "requires": {
                "asap": "~1.0.0"
              },
              "dependencies": {
                "asap": {
                  "version": "1.0.0"
                }
              }
            }
          }
        },
        "mkdirp": {
          "version": "0.5.1",
          "requires": {
            "minimist": "0.0.8"
          },
          "dependencies": {
            "minimist": {
              "version": "0.0.8"
            }
          }
        },
        "transformers": {
          "version": "2.1.0",
          "requires": {
            "css": "~1.0.8",
            "promise": "~2.0",
            "uglify-js": "~2.2.5"
          },
          "dependencies": {
            "css": {
              "version": "1.0.8",
              "requires": {
                "css-parse": "1.0.4",
                "css-stringify": "1.0.5"
              },
              "dependencies": {
                "css-parse": {
                  "version": "1.0.4"
                },
                "css-stringify": {
                  "version": "1.0.5"
                }
              }
            },
            "promise": {
              "version": "2.0.0",
              "requires": {
                "is-promise": "~1"
              },
              "dependencies": {
                "is-promise": {
                  "version": "1.0.1"
                }
              }
            },
            "uglify-js": {
              "version": "2.2.5",
              "requires": {
                "optimist": "~0.3.5",
                "source-map": "~0.1.7"
              },
              "dependencies": {
                "optimist": {
                  "version": "0.3.7",
                  "requires": {
                    "wordwrap": "~0.0.2"
                  },
                  "dependencies": {
                    "wordwrap": {
                      "version": "0.0.3"
                    }
                  }
                },
                "source-map": {
                  "version": "0.1.43",
                  "requires": {
                    "amdefine": ">=0.0.4"
                  },
                  "dependencies": {
                    "amdefine": {
                      "version": "1.0.0"
                    }
                  }
                }
              }
            }
          }
        },
        "uglify-js": {
          "version": "2.6.1",
          "requires": {
            "async": "~0.2.6",
            "source-map": "~0.5.1",
            "uglify-to-browserify": "~1.0.0",
            "yargs": "~3.10.0"
          },
          "dependencies": {
            "async": {
              "version": "0.2.10"
            },
            "source-map": {
              "version": "0.5.3"
            },
            "uglify-to-browserify": {
              "version": "1.0.2"
            },
            "yargs": {
              "version": "3.10.0",
              "requires": {
                "camelcase": "^1.0.2",
                "cliui": "^2.1.0",
                "decamelize": "^1.0.0",
                "window-size": "0.1.0"
              },
              "dependencies": {
                "camelcase": {
                  "version": "1.2.1"
                },
                "cliui": {
                  "version": "2.1.0",
                  "requires": {
                    "center-align": "^0.1.1",
                    "right-align": "^0.1.1",
                    "wordwrap": "0.0.2"
                  },
                  "dependencies": {
                    "center-align": {
                      "version": "0.1.2",
                      "requires": {
                        "align-text": "^0.1.0",
                        "lazy-cache": "^0.2.4"
                      },
                      "dependencies": {
                        "align-text": {
                          "version": "0.1.3",
                          "requires": {
                            "kind-of": "^2.0.0",
                            "longest": "^1.0.1",
                            "repeat-string": "^1.5.2"
                          },
                          "dependencies": {
                            "kind-of": {
                              "version": "2.0.1",
                              "requires": {
                                "is-buffer": "^1.0.2"
                              },
                              "dependencies": {
                                "is-buffer": {
                                  "version": "1.1.0"
                                }
                              }
                            },
                            "longest": {
                              "version": "1.0.1"
                            },
                            "repeat-string": {
                              "version": "1.5.2"
                            }
                          }
                        },
                        "lazy-cache": {
                          "version": "0.2.4"
                        }
                      }
                    },
                    "right-align": {
                      "version": "0.1.3",
                      "requires": {
                        "align-text": "^0.1.1"
                      },
                      "dependencies": {
                        "align-text": {
                          "version": "0.1.3",
                          "requires": {
                            "kind-of": "^2.0.0",
                            "longest": "^1.0.1",
                            "repeat-string": "^1.5.2"
                          },
                          "dependencies": {
                            "kind-of": {
                              "version": "2.0.1",
                              "requires": {
                                "is-buffer": "^1.0.2"
                              },
                              "dependencies": {
                                "is-buffer": {
                                  "version": "1.1.0"
                                }
                              }
                            },
                            "longest": {
                              "version": "1.0.1"
                            },
                            "repeat-string": {
                              "version": "1.5.2"
                            }
                          }
                        }
                      }
                    },
                    "wordwrap": {
                      "version": "0.0.2"
                    }
                  }
                },
                "decamelize": {
                  "version": "1.1.1"
                },
                "window-size": {
                  "version": "0.1.0"
                }
              }
            }
          }
        },
        "void-elements": {
          "version": "2.0.1"
        },
        "with": {
          "version": "4.0.3",
          "requires": {
            "acorn": "^1.0.1",
            "acorn-globals": "^1.0.3"
          },
          "dependencies": {
            "acorn": {
              "version": "1.2.2"
            },
            "acorn-globals": {
              "version": "1.0.9",
              "requires": {
                "acorn": "^2.1.0"
              },
              "dependencies": {
                "acorn": {
                  "version": "2.6.4"
                }
              }
            }
          }
        }
      }
    },
    "jquery": {
      "version": "2.1.4"
    }
  }
}
